
Microsoft Visual Studio Solution File, Format Version 12.00
# Visual Studio Version 17
VisualStudioVersion = 17.11.35222.181
MinimumVisualStudioVersion = 10.0.40219.1
Project("{FAE04EC0-301F-11D3-BF4B-00C04F79EFBC}") = "ASPProject", "ASP Project\ASPProject.csproj", "{5658E149-D24A-4AAE-8582-8DC459867C64}"
EndProject
Global
	GlobalSection(SolutionConfigurationPlatforms) = preSolution
		Debug|Any CPU = Debug|Any CPU
		Release|Any CPU = Release|Any CPU
	EndGlobalSection
	GlobalSection(ProjectConfigurationPlatforms) = postSolution
		{5658E149-D24A-4AAE-8582-8DC459867C64}.Debug|Any CPU.ActiveCfg = Debug|Any CPU
		{5658E149-D24A-4AAE-8582-8DC459867C64}.Debug|Any CPU.Build.0 = Debug|Any CPU
		{5658E149-D24A-4AAE-8582-8DC459867C64}.Release|Any CPU.ActiveCfg = Release|Any CPU
		{5658E149-D24A-4AAE-8582-8DC459867C64}.Release|Any CPU.Build.0 = Release|Any CPU
	EndGlobalSection
	GlobalSection(SolutionProperties) = preSolution
		HideSolutionNode = FALSE
	EndGlobalSection
	GlobalSection(ExtensibilityGlobals) = postSolution
		SolutionGuid = {A79693D1-9A52-4AA7-90DA-93BDDB8A431C}
	EndGlobalSection
EndGlobal
